<?xml version="1.0" encoding="utf-8"?>
<Project ToolsVersion="4.0" xmlns="http://schemas.microsoft.com/developer/msbuild/2003">
  <ItemGroup>
    <ClCompile Include="engine.cpp" />
    <ClCompile Include="main.cpp" />
    <ClCompile Include="math.cpp" />
    <ClCompile Include="window.cpp" />
  </ItemGroup>
  <ItemGroup>
    <ClInclude Include="engine.hpp" />
    <ClInclude Include="math.hpp" />
    <ClInclude Include="mesh.hpp" />
    <ClInclude Include="window.hpp" />
  </ItemGroup>
</Project>